
Microsoft Visual Studio Solution File, Format Version 12.00
# Visual Studio 14
VisualStudioVersion = 14.0.25420.1
MinimumVisualStudioVersion = 10.0.40219.1
Project("{8BB2217D-0F2D-49D1-97BC-3654ED321F3B}") = "PeterKottas.DotNetCore.EnsureRunning", "..\Source\PeterKottas.DotNetCore.EnsureRunning\PeterKottas.DotNetCore.EnsureRunning.xproj", "{FB1178B6-D33D-435E-9C5C-488DB6FADB1A}"
EndProject
Project("{8BB2217D-0F2D-49D1-97BC-3654ED321F3B}") = "PeterKottas.DotNetCore.EnsureRunning.Example", "..\Source\PeterKottas.DotNetCore.EnsureRunning.Example\PeterKottas.DotNetCore.EnsureRunning.Example.xproj", "{2D32976A-E65A-4573-81E4-FBC1A46098CE}"
EndProject
Project("{8BB2217D-0F2D-49D1-97BC-3654ED321F3B}") = "PeterKottas.DotNetCore.EnsureRunning.SqlServer", "..\Source\PeterKottas.DotNetCore.EnsureRunning.SqlServer\PeterKottas.DotNetCore.EnsureRunning.SqlServer.xproj", "{85B1C4BB-8BE9-43B4-BCD9-486076880E74}"
EndProject
Global
	GlobalSection(SolutionConfigurationPlatforms) = preSolution
		Debug|Any CPU = Debug|Any CPU
		Release|Any CPU = Release|Any CPU
	EndGlobalSection
	GlobalSection(ProjectConfigurationPlatforms) = postSolution
		{FB1178B6-D33D-435E-9C5C-488DB6FADB1A}.Debug|Any CPU.ActiveCfg = Debug|Any CPU
		{FB1178B6-D33D-435E-9C5C-488DB6FADB1A}.Debug|Any CPU.Build.0 = Debug|Any CPU
		{FB1178B6-D33D-435E-9C5C-488DB6FADB1A}.Release|Any CPU.ActiveCfg = Release|Any CPU
		{FB1178B6-D33D-435E-9C5C-488DB6FADB1A}.Release|Any CPU.Build.0 = Release|Any CPU
		{2D32976A-E65A-4573-81E4-FBC1A46098CE}.Debug|Any CPU.ActiveCfg = Debug|Any CPU
		{2D32976A-E65A-4573-81E4-FBC1A46098CE}.Debug|Any CPU.Build.0 = Debug|Any CPU
		{2D32976A-E65A-4573-81E4-FBC1A46098CE}.Release|Any CPU.ActiveCfg = Release|Any CPU
		{2D32976A-E65A-4573-81E4-FBC1A46098CE}.Release|Any CPU.Build.0 = Release|Any CPU
		{85B1C4BB-8BE9-43B4-BCD9-486076880E74}.Debug|Any CPU.ActiveCfg = Debug|Any CPU
		{85B1C4BB-8BE9-43B4-BCD9-486076880E74}.Debug|Any CPU.Build.0 = Debug|Any CPU
		{85B1C4BB-8BE9-43B4-BCD9-486076880E74}.Release|Any CPU.ActiveCfg = Release|Any CPU
		{85B1C4BB-8BE9-43B4-BCD9-486076880E74}.Release|Any CPU.Build.0 = Release|Any CPU
	EndGlobalSection
	GlobalSection(SolutionProperties) = preSolution
		HideSolutionNode = FALSE
	EndGlobalSection
EndGlobal
